
Microsoft Visual Studio Solution File, Format Version 12.00
# Visual Studio Version 17
VisualStudioVersion = 17.0.32014.148
MinimumVisualStudioVersion = 10.0.40219.1
Project("{FAE04EC0-301F-11D3-BF4B-00C04F79EFBC}") = "patika_22", "patika_22.csproj", "{AB7BC409-3A74-41F4-A7F1-23F00F2110D3}"
EndProject
Global
	GlobalSection(SolutionConfigurationPlatforms) = preSolution
		Debug|Any CPU = Debug|Any CPU
		Release|Any CPU = Release|Any CPU
	EndGlobalSection
	GlobalSection(ProjectConfigurationPlatforms) = postSolution
		{AB7BC409-3A74-41F4-A7F1-23F00F2110D3}.Debug|Any CPU.ActiveCfg = Debug|Any CPU
		{AB7BC409-3A74-41F4-A7F1-23F00F2110D3}.Debug|Any CPU.Build.0 = Debug|Any CPU
		{AB7BC409-3A74-41F4-A7F1-23F00F2110D3}.Release|Any CPU.ActiveCfg = Release|Any CPU
		{AB7BC409-3A74-41F4-A7F1-23F00F2110D3}.Release|Any CPU.Build.0 = Release|Any CPU
	EndGlobalSection
	GlobalSection(SolutionProperties) = preSolution
		HideSolutionNode = FALSE
	EndGlobalSection
	GlobalSection(ExtensibilityGlobals) = postSolution
		SolutionGuid = {AB4E681B-4A70-40E1-911E-41CC5D6B7F79}
	EndGlobalSection
EndGlobal
